
Microsoft Visual Studio Solution File, Format Version 12.00
# Visual Studio Version 17
VisualStudioVersion = 17.2.32516.85
MinimumVisualStudioVersion = 10.0.40219.1
Project("{FAE04EC0-301F-11D3-BF4B-00C04F79EFBC}") = "LeapYear", "LeapYear\LeapYear.csproj", "{22CB886E-CC04-422E-91EF-CE5F8C242B26}"
EndProject
Global
	GlobalSection(SolutionConfigurationPlatforms) = preSolution
		Debug|Any CPU = Debug|Any CPU
		Release|Any CPU = Release|Any CPU
	EndGlobalSection
	GlobalSection(ProjectConfigurationPlatforms) = postSolution
		{22CB886E-CC04-422E-91EF-CE5F8C242B26}.Debug|Any CPU.ActiveCfg = Debug|Any CPU
		{22CB886E-CC04-422E-91EF-CE5F8C242B26}.Debug|Any CPU.Build.0 = Debug|Any CPU
		{22CB886E-CC04-422E-91EF-CE5F8C242B26}.Release|Any CPU.ActiveCfg = Release|Any CPU
		{22CB886E-CC04-422E-91EF-CE5F8C242B26}.Release|Any CPU.Build.0 = Release|Any CPU
	EndGlobalSection
	GlobalSection(SolutionProperties) = preSolution
		HideSolutionNode = FALSE
	EndGlobalSection
	GlobalSection(ExtensibilityGlobals) = postSolution
		SolutionGuid = {5C47B25B-9B8F-4B0D-AF79-C36EC8E5CBA3}
	EndGlobalSection
EndGlobal
